// !$*UTF8*$!
{
	archiveVersion = 1;
	classes = {
	};
	objectVersion = 56;
	objects = {

/* Begin PBXBuildFile section */
		DF32A5B52977F1EE009E6A6D /* iDineApp.swift in Sources */ = {isa = PBXBuildFile; fileRef = DF32A5B42977F1EE009E6A6D /* iDineApp.swift */; };
		DF32A5B72977F1EE009E6A6D /* ContentView.swift in Sources */ = {isa = PBXBuildFile; fileRef = DF32A5B62977F1EE009E6A6D /* ContentView.swift */; };
		DF32A5B92977F1EF009E6A6D /* Assets.xcassets in Resources */ = {isa = PBXBuildFile; fileRef = DF32A5B82977F1EF009E6A6D /* Assets.xcassets */; };
		DF32A5BC2977F1EF009E6A6D /* Preview Assets.xcassets in Resources */ = {isa = PBXBuildFile; fileRef = DF32A5BB2977F1EF009E6A6D /* Preview Assets.xcassets */; };
		DF32A5C32977F284009E6A6D /* Helper.swift in Sources */ = {isa = PBXBuildFile; fileRef = DF32A5C22977F284009E6A6D /* Helper.swift */; };
		DF32A5C62977F294009E6A6D /* Menu.swift in Sources */ = {isa = PBXBuildFile; fileRef = DF32A5C42977F293009E6A6D /* Menu.swift */; };
		DF32A5C72977F294009E6A6D /* Order.swift in Sources */ = {isa = PBXBuildFile; fileRef = DF32A5C52977F294009E6A6D /* Order.swift */; };
		DF32A5C92977F29B009E6A6D /* menu.json in Resources */ = {isa = PBXBuildFile; fileRef = DF32A5C82977F29B009E6A6D /* menu.json */; };
		DF32A5CB2977F6E1009E6A6D /* ItemRow.swift in Sources */ = {isa = PBXBuildFile; fileRef = DF32A5CA2977F6E1009E6A6D /* ItemRow.swift */; };
		DF32A5CD29780944009E6A6D /* ItemDetail.swift in Sources */ = {isa = PBXBuildFile; fileRef = DF32A5CC29780944009E6A6D /* ItemDetail.swift */; };
		DF32A5CF2978146E009E6A6D /* OrderView.swift in Sources */ = {isa = PBXBuildFile; fileRef = DF32A5CE2978146E009E6A6D /* OrderView.swift */; };
		DF32A5D1297815D2009E6A6D /* MainView.swift in Sources */ = {isa = PBXBuildFile; fileRef = DF32A5D0297815D2009E6A6D /* MainView.swift */; };
		DF32A5D329781C20009E6A6D /* CheckoutView.swift in Sources */ = {isa = PBXBuildFile; fileRef = DF32A5D229781C20009E6A6D /* CheckoutView.swift */; };
/* End PBXBuildFile section */

/* Begin PBXFileReference section */
		DF32A5B12977F1EE009E6A6D /* iDine.app */ = {isa = PBXFileReference; explicitFileType = wrapper.application; includeInIndex = 0; path = iDine.app; sourceTree = BUILT_PRODUCTS_DIR; };
		DF32A5B42977F1EE009E6A6D /* iDineApp.swift */ = {isa = PBXFileReference; lastKnownFileType = sourcecode.swift; path = iDineApp.swift; sourceTree = "<group>"; };
		DF32A5B62977F1EE009E6A6D /* ContentView.swift */ = {isa = PBXFileReference; lastKnownFileType = sourcecode.swift; path = ContentView.swift; sourceTree = "<group>"; };
		DF32A5B82977F1EF009E6A6D /* Assets.xcassets */ = {isa = PBXFileReference; lastKnownFileType = folder.assetcatalog; path = Assets.xcassets; sourceTree = "<group>"; };
		DF32A5BB2977F1EF009E6A6D /* Preview Assets.xcassets */ = {isa = PBXFileReference; lastKnownFileType = folder.assetcatalog; path = "Preview Assets.xcassets"; sourceTree = "<group>"; };
		DF32A5C22977F284009E6A6D /* Helper.swift */ = {isa = PBXFileReference; fileEncoding = 4; lastKnownFileType = sourcecode.swift; name = Helper.swift; path = "idine 2/Helper.swift"; sourceTree = SOURCE_ROOT; };
		DF32A5C42977F293009E6A6D /* Menu.swift */ = {isa = PBXFileReference; fileEncoding = 4; lastKnownFileType = sourcecode.swift; name = Menu.swift; path = "idine 2/Menu.swift"; sourceTree = SOURCE_ROOT; };
		DF32A5C52977F294009E6A6D /* Order.swift */ = {isa = PBXFileReference; fileEncoding = 4; lastKnownFileType = sourcecode.swift; name = Order.swift; path = "idine 2/Order.swift"; sourceTree = SOURCE_ROOT; };
		DF32A5C82977F29B009E6A6D /* menu.json */ = {isa = PBXFileReference; fileEncoding = 4; lastKnownFileType = text.json; name = menu.json; path = "idine 2/menu.json"; sourceTree = SOURCE_ROOT; };
		DF32A5CA2977F6E1009E6A6D /* ItemRow.swift */ = {isa = PBXFileReference; lastKnownFileType = sourcecode.swift; path = ItemRow.swift; sourceTree = "<group>"; };
		DF32A5CC29780944009E6A6D /* ItemDetail.swift */ = {isa = PBXFileReference; lastKnownFileType = sourcecode.swift; path = ItemDetail.swift; sourceTree = "<group>"; };
		DF32A5CE2978146E009E6A6D /* OrderView.swift */ = {isa = PBXFileReference; lastKnownFileType = sourcecode.swift; path = OrderView.swift; sourceTree = "<group>"; };
		DF32A5D0297815D2009E6A6D /* MainView.swift */ = {isa = PBXFileReference; lastKnownFileType = sourcecode.swift; path = MainView.swift; sourceTree = "<group>"; };
		DF32A5D229781C20009E6A6D /* CheckoutView.swift */ = {isa = PBXFileReference; lastKnownFileType = sourcecode.swift; path = CheckoutView.swift; sourceTree = "<group>"; };
/* End PBXFileReference section */

/* Begin PBXFrameworksBuildPhase section */
		DF32A5AE2977F1EE009E6A6D /* Frameworks */ = {
			isa = PBXFrameworksBuildPhase;
			buildActionMask = 2147483647;
			files = (
			);
			runOnlyForDeploymentPostprocessing = 0;
		};
/* End PBXFrameworksBuildPhase section */

/* Begin PBXGroup section */
		DF32A5A82977F1EE009E6A6D = {
			isa = PBXGroup;
			children = (
				DF32A5B32977F1EE009E6A6D /* iDine */,
				DF32A5B22977F1EE009E6A6D /* Products */,
			);
			sourceTree = "<group>";
		};
		DF32A5B22977F1EE009E6A6D /* Products */ = {
			isa = PBXGroup;
			children = (
				DF32A5B12977F1EE009E6A6D /* iDine.app */,
			);
			name = Products;
			sourceTree = "<group>";
		};
		DF32A5B32977F1EE009E6A6D /* iDine */ = {
			isa = PBXGroup;
			children = (
				DF32A5C22977F284009E6A6D /* Helper.swift */,
				DF32A5B42977F1EE009E6A6D /* iDineApp.swift */,
				DF32A5D229781C20009E6A6D /* CheckoutView.swift */,
				DF32A5C42977F293009E6A6D /* Menu.swift */,
				DF32A5C52977F294009E6A6D /* Order.swift */,
				DF32A5C82977F29B009E6A6D /* menu.json */,
				DF32A5B62977F1EE009E6A6D /* ContentView.swift */,
				DF32A5CC29780944009E6A6D /* ItemDetail.swift */,
				DF32A5CE2978146E009E6A6D /* OrderView.swift */,
				DF32A5D0297815D2009E6A6D /* MainView.swift */,
				DF32A5CA2977F6E1009E6A6D /* ItemRow.swift */,
				DF32A5B82977F1EF009E6A6D /* Assets.xcassets */,
				DF32A5BA2977F1EF009E6A6D /* Preview Content */,
			);
			path = iDine;
			sourceTree = "<group>";
		};
		DF32A5BA2977F1EF009E6A6D /* Preview Content */ = {
			isa = PBXGroup;
			children = (
				DF32A5BB2977F1EF009E6A6D /* Preview Assets.xcassets */,
			);
			path = "Preview Content";
			sourceTree = "<group>";
		};
/* End PBXGroup section */

/* Begin PBXNativeTarget section */
		DF32A5B02977F1EE009E6A6D /* iDine */ = {
			isa = PBXNativeTarget;
			buildConfigurationList = DF32A5BF2977F1EF009E6A6D /* Build configuration list for PBXNativeTarget "iDine" */;
			buildPhases = (
				DF32A5AD2977F1EE009E6A6D /* Sources */,
				DF32A5AE2977F1EE009E6A6D /* Frameworks */,
				DF32A5AF2977F1EE009E6A6D /* Resources */,
			);
			buildRules = (
			);
			dependencies = (
			);
			name = iDine;
			productName = iDine;
			productReference = DF32A5B12977F1EE009E6A6D /* iDine.app */;
			productType = "com.apple.product-type.application";
		};
/* End PBXNativeTarget section */

/* Begin PBXProject section */
		DF32A5A92977F1EE009E6A6D /* Project object */ = {
			isa = PBXProject;
			attributes = {
				BuildIndependentTargetsInParallel = 1;
				LastSwiftUpdateCheck = 1420;
				LastUpgradeCheck = 1420;
				TargetAttributes = {
					DF32A5B02977F1EE009E6A6D = {
						CreatedOnToolsVersion = 14.2;
					};
				};
			};
			buildConfigurationList = DF32A5AC2977F1EE009E6A6D /* Build configuration list for PBXProject "iDine" */;
			compatibilityVersion = "Xcode 14.0";
			developmentRegion = en;
			hasScannedForEncodings = 0;
			knownRegions = (
				en,
				Base,
			);
			mainGroup = DF32A5A82977F1EE009E6A6D;
			productRefGroup = DF32A5B22977F1EE009E6A6D /* Products */;
			projectDirPath = "";
			projectRoot = "";
			targets = (
				DF32A5B02977F1EE009E6A6D /* iDine */,
			);
		};
/* End PBXProject section */

/* Begin PBXResourcesBuildPhase section */
		DF32A5AF2977F1EE009E6A6D /* Resources */ = {
			isa = PBXResourcesBuildPhase;
			buildActionMask = 2147483647;
			files = (
				DF32A5C92977F29B009E6A6D /* menu.json in Resources */,
				DF32A5BC2977F1EF009E6A6D /* Preview Assets.xcassets in Resources */,
				DF32A5B92977F1EF009E6A6D /* Assets.xcassets in Resources */,
			);
			runOnlyForDeploymentPostprocessing = 0;
		};
/* End PBXResourcesBuildPhase section */

/* Begin PBXSourcesBuildPhase section */
		DF32A5AD2977F1EE009E6A6D /* Sources */ = {
			isa = PBXSourcesBuildPhase;
			buildActionMask = 2147483647;
			files = (
				DF32A5CD29780944009E6A6D /* ItemDetail.swift in Sources */,
				DF32A5D1297815D2009E6A6D /* MainView.swift in Sources */,
				DF32A5D329781C20009E6A6D /* CheckoutView.swift in Sources */,
				DF32A5CF2978146E009E6A6D /* OrderView.swift in Sources */,
				DF32A5B72977F1EE009E6A6D /* ContentView.swift in Sources */,
				DF32A5B52977F1EE009E6A6D /* iDineApp.swift in Sources */,
				DF32A5C72977F294009E6A6D /* Order.swift in Sources */,
				DF32A5CB2977F6E1009E6A6D /* ItemRow.swift in Sources */,
				DF32A5C62977F294009E6A6D /* Menu.swift in Sources */,
				DF32A5C32977F284009E6A6D /* Helper.swift in Sources */,
			);
			runOnlyForDeploymentPostprocessing = 0;
		};
/* End PBXSourcesBuildPhase section */

/* Begin XCBuildConfiguration section */
		DF32A5BD2977F1EF009E6A6D /* Debug */ = {
			isa = XCBuildConfiguration;
			buildSettings = {
				ALWAYS_SEARCH_USER_PATHS = NO;
				CLANG_ANALYZER_NONNULL = YES;
				CLANG_ANALYZER_NUMBER_OBJECT_CONVERSION = YES_AGGRESSIVE;
				CLANG_CXX_LANGUAGE_STANDARD = "gnu++20";
				CLANG_ENABLE_MODULES = YES;
				CLANG_ENABLE_OBJC_ARC = YES;
				CLANG_ENABLE_OBJC_WEAK = YES;
				CLANG_WARN_BLOCK_CAPTURE_AUTORELEASING = YES;
				CLANG_WARN_BOOL_CONVERSION = YES;
				CLANG_WARN_COMMA = YES;
				CLANG_WARN_CONSTANT_CONVERSION = YES;
				CLANG_WARN_DEPRECATED_OBJC_IMPLEMENTATIONS = YES;
				CLANG_WARN_DIRECT_OBJC_ISA_USAGE = YES_ERROR;
				CLANG_WARN_DOCUMENTATION_COMMENTS = YES;
				CLANG_WARN_EMPTY_BODY = YES;
				CLANG_WARN_ENUM_CONVERSION = YES;
				CLANG_WARN_INFINITE_RECURSION = YES;
				CLANG_WARN_INT_CONVERSION = YES;
				CLANG_WARN_NON_LITERAL_NULL_CONVERSION = YES;
				CLANG_WARN_OBJC_IMPLICIT_RETAIN_SELF = YES;
				CLANG_WARN_OBJC_LITERAL_CONVERSION = YES;
				CLANG_WARN_OBJC_ROOT_CLASS = YES_ERROR;
				CLANG_WARN_QUOTED_INCLUDE_IN_FRAMEWORK_HEADER = YES;
				CLANG_WARN_RANGE_LOOP_ANALYSIS = YES;
				CLANG_WARN_STRICT_PROTOTYPES = YES;
				CLANG_WARN_SUSPICIOUS_MOVE = YES;
				CLANG_WARN_UNGUARDED_AVAILABILITY = YES_AGGRESSIVE;
				CLANG_WARN_UNREACHABLE_CODE = YES;
				CLANG_WARN__DUPLICATE_METHOD_MATCH = YES;
				COPY_PHASE_STRIP = NO;
				DEBUG_INFORMATION_FORMAT = dwarf;
				ENABLE_STRICT_OBJC_MSGSEND = YES;
				ENABLE_TESTABILITY = YES;
				GCC_C_LANGUAGE_STANDARD = gnu11;
				GCC_DYNAMIC_NO_PIC = NO;
				GCC_NO_COMMON_BLOCKS = YES;
				GCC_OPTIMIZATION_LEVEL = 0;
				GCC_PREPROCESSOR_DEFINITIONS = (
					"DEBUG=1",
					"$(inherited)",
				);
				GCC_WARN_64_TO_32_BIT_CONVERSION = YES;
				GCC_WARN_ABOUT_RETURN_TYPE = YES_ERROR;
				GCC_WARN_UNDECLARED_SELECTOR = YES;
				GCC_WARN_UNINITIALIZED_AUTOS = YES_AGGRESSIVE;
				GCC_WARN_UNUSED_FUNCTION = YES;
				GCC_WARN_UNUSED_VARIABLE = YES;
				IPHONEOS_DEPLOYMENT_TARGET = 16.2;
				MTL_ENABLE_DEBUG_INFO = INCLUDE_SOURCE;
				MTL_FAST_MATH = YES;
				ONLY_ACTIVE_ARCH = YES;
				SDKROOT = iphoneos;
				SWIFT_ACTIVE_COMPILATION_CONDITIONS = DEBUG;
				SWIFT_OPTIMIZATION_LEVEL = "-Onone";
			};
			name = Debug;
		};
		DF32A5BE2977F1EF009E6A6D /* Release */ = {
			isa = XCBuildConfiguration;
			buildSettings = {
				ALWAYS_SEARCH_USER_PATHS = NO;
				CLANG_ANALYZER_NONNULL = YES;
				CLANG_ANALYZER_NUMBER_OBJECT_CONVERSION = YES_AGGRESSIVE;
				CLANG_CXX_LANGUAGE_STANDARD = "gnu++20";
				CLANG_ENABLE_MODULES = YES;
				CLANG_ENABLE_OBJC_ARC = YES;
				CLANG_ENABLE_OBJC_WEAK = YES;
				CLANG_WARN_BLOCK_CAPTURE_AUTORELEASING = YES;
				CLANG_WARN_BOOL_CONVERSION = YES;
				CLANG_WARN_COMMA = YES;
				CLANG_WARN_CONSTANT_CONVERSION = YES;
				CLANG_WARN_DEPRECATED_OBJC_IMPLEMENTATIONS = YES;
				CLANG_WARN_DIRECT_OBJC_ISA_USAGE = YES_ERROR;
				CLANG_WARN_DOCUMENTATION_COMMENTS = YES;
				CLANG_WARN_EMPTY_BODY = YES;
				CLANG_WARN_ENUM_CONVERSION = YES;
				CLANG_WARN_INFINITE_RECURSION = YES;
				CLANG_WARN_INT_CONVERSION = YES;
				CLANG_WARN_NON_LITERAL_NULL_CONVERSION = YES;
				CLANG_WARN_OBJC_IMPLICIT_RETAIN_SELF = YES;
				CLANG_WARN_OBJC_LITERAL_CONVERSION = YES;
				CLANG_WARN_OBJC_ROOT_CLASS = YES_ERROR;
				CLANG_WARN_QUOTED_INCLUDE_IN_FRAMEWORK_HEADER = YES;
				CLANG_WARN_RANGE_LOOP_ANALYSIS = YES;
				CLANG_WARN_STRICT_PROTOTYPES = YES;
				CLANG_WARN_SUSPICIOUS_MOVE = YES;
				CLANG_WARN_UNGUARDED_AVAILABILITY = YES_AGGRESSIVE;
				CLANG_WARN_UNREACHABLE_CODE = YES;
				CLANG_WARN__DUPLICATE_METHOD_MATCH = YES;
				COPY_PHASE_STRIP = NO;
				DEBUG_INFORMATION_FORMAT = "dwarf-with-dsym";
				ENABLE_NS_ASSERTIONS = NO;
				ENABLE_STRICT_OBJC_MSGSEND = YES;
				GCC_C_LANGUAGE_STANDARD = gnu11;
				GCC_NO_COMMON_BLOCKS = YES;
				GCC_WARN_64_TO_32_BIT_CONVERSION = YES;
				GCC_WARN_ABOUT_RETURN_TYPE = YES_ERROR;
				GCC_WARN_UNDECLARED_SELECTOR = YES;
				GCC_WARN_UNINITIALIZED_AUTOS = YES_AGGRESSIVE;
				GCC_WARN_UNUSED_FUNCTION = YES;
				GCC_WARN_UNUSED_VARIABLE = YES;
				IPHONEOS_DEPLOYMENT_TARGET = 16.2;
				MTL_ENABLE_DEBUG_INFO = NO;
				MTL_FAST_MATH = YES;
				SDKROOT = iphoneos;
				SWIFT_COMPILATION_MODE = wholemodule;
				SWIFT_OPTIMIZATION_LEVEL = "-O";
				VALIDATE_PRODUCT = YES;
			};
			name = Release;
		};
		DF32A5C02977F1EF009E6A6D /* Debug */ = {
			isa = XCBuildConfiguration;
			buildSettings = {
				ASSETCATALOG_COMPILER_APPICON_NAME = AppIcon;
				ASSETCATALOG_COMPILER_GLOBAL_ACCENT_COLOR_NAME = AccentColor;
				CODE_SIGN_STYLE = Automatic;
				CURRENT_PROJECT_VERSION = 1;
				DEVELOPMENT_ASSET_PATHS = "\"iDine/Preview Content\"";
				DEVELOPMENT_TEAM = NGFB8YZQW3;
				ENABLE_PREVIEWS = YES;
				GENERATE_INFOPLIST_FILE = YES;
				INFOPLIST_KEY_UIApplicationSceneManifest_Generation = YES;
				INFOPLIST_KEY_UIApplicationSupportsIndirectInputEvents = YES;
				INFOPLIST_KEY_UILaunchScreen_Generation = YES;
				INFOPLIST_KEY_UISupportedInterfaceOrientations_iPad = "UIInterfaceOrientationPortrait UIInterfaceOrientationPortraitUpsideDown UIInterfaceOrientationLandscapeLeft UIInterfaceOrientationLandscapeRight";
				INFOPLIST_KEY_UISupportedInterfaceOrientations_iPhone = "UIInterfaceOrientationPortrait UIInterfaceOrientationLandscapeLeft UIInterfaceOrientationLandscapeRight";
				LD_RUNPATH_SEARCH_PATHS = (
					"$(inherited)",
					"@executable_path/Frameworks",
				);
				MARKETING_VERSION = 1.0;
				PRODUCT_BUNDLE_IDENTIFIER = ro.KeyCity.iDine;
				PRODUCT_NAME = "$(TARGET_NAME)";
				SWIFT_EMIT_LOC_STRINGS = YES;
				SWIFT_VERSION = 5.0;
				TARGETED_DEVICE_FAMILY = "1,2";
			};
			name = Debug;
		};
		DF32A5C12977F1EF009E6A6D /* Release */ = {
			isa = XCBuildConfiguration;
			buildSettings = {
				ASSETCATALOG_COMPILER_APPICON_NAME = AppIcon;
				ASSETCATALOG_COMPILER_GLOBAL_ACCENT_COLOR_NAME = AccentColor;
				CODE_SIGN_STYLE = Automatic;
				CURRENT_PROJECT_VERSION = 1;
				DEVELOPMENT_ASSET_PATHS = "\"iDine/Preview Content\"";
				DEVELOPMENT_TEAM = NGFB8YZQW3;
				ENABLE_PREVIEWS = YES;
				GENERATE_INFOPLIST_FILE = YES;
				INFOPLIST_KEY_UIApplicationSceneManifest_Generation = YES;
				INFOPLIST_KEY_UIApplicationSupportsIndirectInputEvents = YES;
				INFOPLIST_KEY_UILaunchScreen_Generation = YES;
				INFOPLIST_KEY_UISupportedInterfaceOrientations_iPad = "UIInterfaceOrientationPortrait UIInterfaceOrientationPortraitUpsideDown UIInterfaceOrientationLandscapeLeft UIInterfaceOrientationLandscapeRight";
				INFOPLIST_KEY_UISupportedInterfaceOrientations_iPhone = "UIInterfaceOrientationPortrait UIInterfaceOrientationLandscapeLeft UIInterfaceOrientationLandscapeRight";
				LD_RUNPATH_SEARCH_PATHS = (
					"$(inherited)",
					"@executable_path/Frameworks",
				);
				MARKETING_VERSION = 1.0;
				PRODUCT_BUNDLE_IDENTIFIER = ro.KeyCity.iDine;
				PRODUCT_NAME = "$(TARGET_NAME)";
				SWIFT_EMIT_LOC_STRINGS = YES;
				SWIFT_VERSION = 5.0;
				TARGETED_DEVICE_FAMILY = "1,2";
			};
			name = Release;
		};
/* End XCBuildConfiguration section */

/* Begin XCConfigurationList section */
		DF32A5AC2977F1EE009E6A6D /* Build configuration list for PBXProject "iDine" */ = {
			isa = XCConfigurationList;
			buildConfigurations = (
				DF32A5BD2977F1EF009E6A6D /* Debug */,
				DF32A5BE2977F1EF009E6A6D /* Release */,
			);
			defaultConfigurationIsVisible = 0;
			defaultConfigurationName = Release;
		};
		DF32A5BF2977F1EF009E6A6D /* Build configuration list for PBXNativeTarget "iDine" */ = {
			isa = XCConfigurationList;
			buildConfigurations = (
				DF32A5C02977F1EF009E6A6D /* Debug */,
				DF32A5C12977F1EF009E6A6D /* Release */,
			);
			defaultConfigurationIsVisible = 0;
			defaultConfigurationName = Release;
		};
/* End XCConfigurationList section */
	};
	rootObject = DF32A5A92977F1EE009E6A6D /* Project object */;
}
